
Microsoft Visual Studio Solution File, Format Version 12.00
# Visual Studio Version 17
VisualStudioVersion = 17.11.35222.181
MinimumVisualStudioVersion = 10.0.40219.1
Project("{8BC9CEB8-8B4A-11D0-8D11-00A0C91BC942}") = "one_test_git", "one_test_git\one_test_git.vcxproj", "{769D0597-AB1B-4BE7-B57D-C31CB4EC7826}"
EndProject
Global
	GlobalSection(SolutionConfigurationPlatforms) = preSolution
		Debug|x64 = Debug|x64
		Debug|x86 = Debug|x86
		Release|x64 = Release|x64
		Release|x86 = Release|x86
	EndGlobalSection
	GlobalSection(ProjectConfigurationPlatforms) = postSolution
		{769D0597-AB1B-4BE7-B57D-C31CB4EC7826}.Debug|x64.ActiveCfg = Debug|x64
		{769D0597-AB1B-4BE7-B57D-C31CB4EC7826}.Debug|x64.Build.0 = Debug|x64
		{769D0597-AB1B-4BE7-B57D-C31CB4EC7826}.Debug|x86.ActiveCfg = Debug|Win32
		{769D0597-AB1B-4BE7-B57D-C31CB4EC7826}.Debug|x86.Build.0 = Debug|Win32
		{769D0597-AB1B-4BE7-B57D-C31CB4EC7826}.Release|x64.ActiveCfg = Release|x64
		{769D0597-AB1B-4BE7-B57D-C31CB4EC7826}.Release|x64.Build.0 = Release|x64
		{769D0597-AB1B-4BE7-B57D-C31CB4EC7826}.Release|x86.ActiveCfg = Release|Win32
		{769D0597-AB1B-4BE7-B57D-C31CB4EC7826}.Release|x86.Build.0 = Release|Win32
	EndGlobalSection
	GlobalSection(SolutionProperties) = preSolution
		HideSolutionNode = FALSE
	EndGlobalSection
	GlobalSection(ExtensibilityGlobals) = postSolution
		SolutionGuid = {7C368D75-1EC0-4432-8E56-D29001778A3C}
	EndGlobalSection
EndGlobal
